
Microsoft Visual Studio Solution File, Format Version 12.00
# Visual Studio Version 17
VisualStudioVersion = 17.9.34616.47
MinimumVisualStudioVersion = 10.0.40219.1
Project("{8BC9CEB8-8B4A-11D0-8D11-00A0C91BC942}") = "0058_DoubleLinkedList", "0058_DoubleLinkedList\0058_DoubleLinkedList.vcxproj", "{570F7856-FF5C-469A-8BD3-A563FF3EFAD7}"
EndProject
Global
	GlobalSection(SolutionConfigurationPlatforms) = preSolution
		Debug|x64 = Debug|x64
		Debug|x86 = Debug|x86
		Release|x64 = Release|x64
		Release|x86 = Release|x86
	EndGlobalSection
	GlobalSection(ProjectConfigurationPlatforms) = postSolution
		{570F7856-FF5C-469A-8BD3-A563FF3EFAD7}.Debug|x64.ActiveCfg = Debug|x64
		{570F7856-FF5C-469A-8BD3-A563FF3EFAD7}.Debug|x64.Build.0 = Debug|x64
		{570F7856-FF5C-469A-8BD3-A563FF3EFAD7}.Debug|x86.ActiveCfg = Debug|Win32
		{570F7856-FF5C-469A-8BD3-A563FF3EFAD7}.Debug|x86.Build.0 = Debug|Win32
		{570F7856-FF5C-469A-8BD3-A563FF3EFAD7}.Release|x64.ActiveCfg = Release|x64
		{570F7856-FF5C-469A-8BD3-A563FF3EFAD7}.Release|x64.Build.0 = Release|x64
		{570F7856-FF5C-469A-8BD3-A563FF3EFAD7}.Release|x86.ActiveCfg = Release|Win32
		{570F7856-FF5C-469A-8BD3-A563FF3EFAD7}.Release|x86.Build.0 = Release|Win32
	EndGlobalSection
	GlobalSection(SolutionProperties) = preSolution
		HideSolutionNode = FALSE
	EndGlobalSection
	GlobalSection(ExtensibilityGlobals) = postSolution
		SolutionGuid = {114BA4FF-3975-4552-9D63-B45152728586}
	EndGlobalSection
EndGlobal
